// !$*UTF8*$!
{
	archiveVersion = 1;
	classes = {
	};
	objectVersion = 46;
	objects = {

/* Begin PBXBuildFile section */
		8B780FCB1E9CA3520012949D /* AppDelegate.swift in Sources */ = {isa = PBXBuildFile; fileRef = 8B780FCA1E9CA3520012949D /* AppDelegate.swift */; };
		8B780FD01E9CA3520012949D /* Main.storyboard in Resources */ = {isa = PBXBuildFile; fileRef = 8B780FCE1E9CA3520012949D /* Main.storyboard */; };
		8B780FD21E9CA3520012949D /* Assets.xcassets in Resources */ = {isa = PBXBuildFile; fileRef = 8B780FD11E9CA3520012949D /* Assets.xcassets */; };
		8B780FD51E9CA3520012949D /* LaunchScreen.storyboard in Resources */ = {isa = PBXBuildFile; fileRef = 8B780FD31E9CA3520012949D /* LaunchScreen.storyboard */; };
		8B780FE01E9CA3520012949D /* TransitionAnimatedTests.swift in Sources */ = {isa = PBXBuildFile; fileRef = 8B780FDF1E9CA3520012949D /* TransitionAnimatedTests.swift */; };
		8B780FEB1E9CA3A30012949D /* MainViewController.swift in Sources */ = {isa = PBXBuildFile; fileRef = 8B780FEA1E9CA3A30012949D /* MainViewController.swift */; };
		8B780FED1E9CA3B30012949D /* MenuViewController.swift in Sources */ = {isa = PBXBuildFile; fileRef = 8B780FEC1E9CA3B30012949D /* MenuViewController.swift */; };
		8B780FEF1E9CA3C80012949D /* TransitionManager.swift in Sources */ = {isa = PBXBuildFile; fileRef = 8B780FEE1E9CA3C80012949D /* TransitionManager.swift */; };
/* End PBXBuildFile section */

/* Begin PBXContainerItemProxy section */
		8B780FDC1E9CA3520012949D /* PBXContainerItemProxy */ = {
			isa = PBXContainerItemProxy;
			containerPortal = 8B780FBF1E9CA3520012949D /* Project object */;
			proxyType = 1;
			remoteGlobalIDString = 8B780FC61E9CA3520012949D;
			remoteInfo = TransitionAnimated;
		};
/* End PBXContainerItemProxy section */

/* Begin PBXFileReference section */
		8B780FC71E9CA3520012949D /* TransitionAnimated.app */ = {isa = PBXFileReference; explicitFileType = wrapper.application; includeInIndex = 0; path = TransitionAnimated.app; sourceTree = BUILT_PRODUCTS_DIR; };
		8B780FCA1E9CA3520012949D /* AppDelegate.swift */ = {isa = PBXFileReference; lastKnownFileType = sourcecode.swift; path = AppDelegate.swift; sourceTree = "<group>"; };
		8B780FCF1E9CA3520012949D /* Base */ = {isa = PBXFileReference; lastKnownFileType = file.storyboard; name = Base; path = Base.lproj/Main.storyboard; sourceTree = "<group>"; };
		8B780FD11E9CA3520012949D /* Assets.xcassets */ = {isa = PBXFileReference; lastKnownFileType = folder.assetcatalog; path = Assets.xcassets; sourceTree = "<group>"; };
		8B780FD41E9CA3520012949D /* Base */ = {isa = PBXFileReference; lastKnownFileType = file.storyboard; name = Base; path = Base.lproj/LaunchScreen.storyboard; sourceTree = "<group>"; };
		8B780FD61E9CA3520012949D /* Info.plist */ = {isa = PBXFileReference; lastKnownFileType = text.plist.xml; path = Info.plist; sourceTree = "<group>"; };
		8B780FDB1E9CA3520012949D /* TransitionAnimatedTests.xctest */ = {isa = PBXFileReference; explicitFileType = wrapper.cfbundle; includeInIndex = 0; path = TransitionAnimatedTests.xctest; sourceTree = BUILT_PRODUCTS_DIR; };
		8B780FDF1E9CA3520012949D /* TransitionAnimatedTests.swift */ = {isa = PBXFileReference; lastKnownFileType = sourcecode.swift; path = TransitionAnimatedTests.swift; sourceTree = "<group>"; };
		8B780FE11E9CA3520012949D /* Info.plist */ = {isa = PBXFileReference; lastKnownFileType = text.plist.xml; path = Info.plist; sourceTree = "<group>"; };
		8B780FEA1E9CA3A30012949D /* MainViewController.swift */ = {isa = PBXFileReference; fileEncoding = 4; lastKnownFileType = sourcecode.swift; path = MainViewController.swift; sourceTree = "<group>"; };
		8B780FEC1E9CA3B30012949D /* MenuViewController.swift */ = {isa = PBXFileReference; fileEncoding = 4; lastKnownFileType = sourcecode.swift; path = MenuViewController.swift; sourceTree = "<group>"; };
		8B780FEE1E9CA3C80012949D /* TransitionManager.swift */ = {isa = PBXFileReference; fileEncoding = 4; lastKnownFileType = sourcecode.swift; path = TransitionManager.swift; sourceTree = "<group>"; };
/* End PBXFileReference section */

/* Begin PBXFrameworksBuildPhase section */
		8B780FC41E9CA3520012949D /* Frameworks */ = {
			isa = PBXFrameworksBuildPhase;
			buildActionMask = 2147483647;
			files = (
			);
			runOnlyForDeploymentPostprocessing = 0;
		};
		8B780FD81E9CA3520012949D /* Frameworks */ = {
			isa = PBXFrameworksBuildPhase;
			buildActionMask = 2147483647;
			files = (
			);
			runOnlyForDeploymentPostprocessing = 0;
		};
/* End PBXFrameworksBuildPhase section */

/* Begin PBXGroup section */
		8B780FBE1E9CA3520012949D = {
			isa = PBXGroup;
			children = (
				8B780FC91E9CA3520012949D /* TransitionAnimated */,
				8B780FDE1E9CA3520012949D /* TransitionAnimatedTests */,
				8B780FC81E9CA3520012949D /* Products */,
			);
			sourceTree = "<group>";
		};
		8B780FC81E9CA3520012949D /* Products */ = {
			isa = PBXGroup;
			children = (
				8B780FC71E9CA3520012949D /* TransitionAnimated.app */,
				8B780FDB1E9CA3520012949D /* TransitionAnimatedTests.xctest */,
			);
			name = Products;
			sourceTree = "<group>";
		};
		8B780FC91E9CA3520012949D /* TransitionAnimated */ = {
			isa = PBXGroup;
			children = (
				8B780FCA1E9CA3520012949D /* AppDelegate.swift */,
				8B780FCE1E9CA3520012949D /* Main.storyboard */,
				8B780FD11E9CA3520012949D /* Assets.xcassets */,
				8B780FD31E9CA3520012949D /* LaunchScreen.storyboard */,
				8B780FD61E9CA3520012949D /* Info.plist */,
				8B780FEA1E9CA3A30012949D /* MainViewController.swift */,
				8B780FEC1E9CA3B30012949D /* MenuViewController.swift */,
				8B780FEE1E9CA3C80012949D /* TransitionManager.swift */,
			);
			path = TransitionAnimated;
			sourceTree = "<group>";
		};
		8B780FDE1E9CA3520012949D /* TransitionAnimatedTests */ = {
			isa = PBXGroup;
			children = (
				8B780FDF1E9CA3520012949D /* TransitionAnimatedTests.swift */,
				8B780FE11E9CA3520012949D /* Info.plist */,
			);
			path = TransitionAnimatedTests;
			sourceTree = "<group>";
		};
/* End PBXGroup section */

/* Begin PBXNativeTarget section */
		8B780FC61E9CA3520012949D /* TransitionAnimated */ = {
			isa = PBXNativeTarget;
			buildConfigurationList = 8B780FE41E9CA3520012949D /* Build configuration list for PBXNativeTarget "TransitionAnimated" */;
			buildPhases = (
				8B780FC31E9CA3520012949D /* Sources */,
				8B780FC41E9CA3520012949D /* Frameworks */,
				8B780FC51E9CA3520012949D /* Resources */,
			);
			buildRules = (
			);
			dependencies = (
			);
			name = TransitionAnimated;
			productName = TransitionAnimated;
			productReference = 8B780FC71E9CA3520012949D /* TransitionAnimated.app */;
			productType = "com.apple.product-type.application";
		};
		8B780FDA1E9CA3520012949D /* TransitionAnimatedTests */ = {
			isa = PBXNativeTarget;
			buildConfigurationList = 8B780FE71E9CA3520012949D /* Build configuration list for PBXNativeTarget "TransitionAnimatedTests" */;
			buildPhases = (
				8B780FD71E9CA3520012949D /* Sources */,
				8B780FD81E9CA3520012949D /* Frameworks */,
				8B780FD91E9CA3520012949D /* Resources */,
			);
			buildRules = (
			);
			dependencies = (
				8B780FDD1E9CA3520012949D /* PBXTargetDependency */,
			);
			name = TransitionAnimatedTests;
			productName = TransitionAnimatedTests;
			productReference = 8B780FDB1E9CA3520012949D /* TransitionAnimatedTests.xctest */;
			productType = "com.apple.product-type.bundle.unit-test";
		};
/* End PBXNativeTarget section */

/* Begin PBXProject section */
		8B780FBF1E9CA3520012949D /* Project object */ = {
			isa = PBXProject;
			attributes = {
				LastSwiftUpdateCheck = 0830;
				LastUpgradeCheck = 0830;
				ORGANIZATIONNAME = yuliuyang;
				TargetAttributes = {
					8B780FC61E9CA3520012949D = {
						CreatedOnToolsVersion = 8.3;
						DevelopmentTeam = N87WFK5UUT;
						ProvisioningStyle = Automatic;
					};
					8B780FDA1E9CA3520012949D = {
						CreatedOnToolsVersion = 8.3;
						DevelopmentTeam = N87WFK5UUT;
						ProvisioningStyle = Automatic;
						TestTargetID = 8B780FC61E9CA3520012949D;
					};
				};
			};
			buildConfigurationList = 8B780FC21E9CA3520012949D /* Build configuration list for PBXProject "TransitionAnimated" */;
			compatibilityVersion = "Xcode 3.2";
			developmentRegion = English;
			hasScannedForEncodings = 0;
			knownRegions = (
				en,
				Base,
			);
			mainGroup = 8B780FBE1E9CA3520012949D;
			productRefGroup = 8B780FC81E9CA3520012949D /* Products */;
			projectDirPath = "";
			projectRoot = "";
			targets = (
				8B780FC61E9CA3520012949D /* TransitionAnimated */,
				8B780FDA1E9CA3520012949D /* TransitionAnimatedTests */,
			);
		};
/* End PBXProject section */

/* Begin PBXResourcesBuildPhase section */
		8B780FC51E9CA3520012949D /* Resources */ = {
			isa = PBXResourcesBuildPhase;
			buildActionMask = 2147483647;
			files = (
				8B780FD51E9CA3520012949D /* LaunchScreen.storyboard in Resources */,
				8B780FD21E9CA3520012949D /* Assets.xcassets in Resources */,
				8B780FD01E9CA3520012949D /* Main.storyboard in Resources */,
			);
			runOnlyForDeploymentPostprocessing = 0;
		};
		8B780FD91E9CA3520012949D /* Resources */ = {
			isa = PBXResourcesBuildPhase;
			buildActionMask = 2147483647;
			files = (
			);
			runOnlyForDeploymentPostprocessing = 0;
		};
/* End PBXResourcesBuildPhase section */

/* Begin PBXSourcesBuildPhase section */
		8B780FC31E9CA3520012949D /* Sources */ = {
			isa = PBXSourcesBuildPhase;
			buildActionMask = 2147483647;
			files = (
				8B780FEF1E9CA3C80012949D /* TransitionManager.swift in Sources */,
				8B780FCB1E9CA3520012949D /* AppDelegate.swift in Sources */,
				8B780FED1E9CA3B30012949D /* MenuViewController.swift in Sources */,
				8B780FEB1E9CA3A30012949D /* MainViewController.swift in Sources */,
			);
			runOnlyForDeploymentPostprocessing = 0;
		};
		8B780FD71E9CA3520012949D /* Sources */ = {
			isa = PBXSourcesBuildPhase;
			buildActionMask = 2147483647;
			files = (
				8B780FE01E9CA3520012949D /* TransitionAnimatedTests.swift in Sources */,
			);
			runOnlyForDeploymentPostprocessing = 0;
		};
/* End PBXSourcesBuildPhase section */

/* Begin PBXTargetDependency section */
		8B780FDD1E9CA3520012949D /* PBXTargetDependency */ = {
			isa = PBXTargetDependency;
			target = 8B780FC61E9CA3520012949D /* TransitionAnimated */;
			targetProxy = 8B780FDC1E9CA3520012949D /* PBXContainerItemProxy */;
		};
/* End PBXTargetDependency section */

/* Begin PBXVariantGroup section */
		8B780FCE1E9CA3520012949D /* Main.storyboard */ = {
			isa = PBXVariantGroup;
			children = (
				8B780FCF1E9CA3520012949D /* Base */,
			);
			name = Main.storyboard;
			sourceTree = "<group>";
		};
		8B780FD31E9CA3520012949D /* LaunchScreen.storyboard */ = {
			isa = PBXVariantGroup;
			children = (
				8B780FD41E9CA3520012949D /* Base */,
			);
			name = LaunchScreen.storyboard;
			sourceTree = "<group>";
		};
/* End PBXVariantGroup section */

/* Begin XCBuildConfiguration section */
		8B780FE21E9CA3520012949D /* Debug */ = {
			isa = XCBuildConfiguration;
			buildSettings = {
				ALWAYS_SEARCH_USER_PATHS = NO;
				CLANG_ANALYZER_NONNULL = YES;
				CLANG_ANALYZER_NUMBER_OBJECT_CONVERSION = YES_AGGRESSIVE;
				CLANG_CXX_LANGUAGE_STANDARD = "gnu++0x";
				CLANG_CXX_LIBRARY = "libc++";
				CLANG_ENABLE_MODULES = YES;
				CLANG_ENABLE_OBJC_ARC = YES;
				CLANG_WARN_BOOL_CONVERSION = YES;
				CLANG_WARN_CONSTANT_CONVERSION = YES;
				CLANG_WARN_DIRECT_OBJC_ISA_USAGE = YES_ERROR;
				CLANG_WARN_DOCUMENTATION_COMMENTS = YES;
				CLANG_WARN_EMPTY_BODY = YES;
				CLANG_WARN_ENUM_CONVERSION = YES;
				CLANG_WARN_INFINITE_RECURSION = YES;
				CLANG_WARN_INT_CONVERSION = YES;
				CLANG_WARN_OBJC_ROOT_CLASS = YES_ERROR;
				CLANG_WARN_SUSPICIOUS_MOVE = YES;
				CLANG_WARN_UNREACHABLE_CODE = YES;
				CLANG_WARN__DUPLICATE_METHOD_MATCH = YES;
				"CODE_SIGN_IDENTITY[sdk=iphoneos*]" = "iPhone Developer";
				COPY_PHASE_STRIP = NO;
				DEBUG_INFORMATION_FORMAT = dwarf;
				ENABLE_STRICT_OBJC_MSGSEND = YES;
				ENABLE_TESTABILITY = YES;
				GCC_C_LANGUAGE_STANDARD = gnu99;
				GCC_DYNAMIC_NO_PIC = NO;
				GCC_NO_COMMON_BLOCKS = YES;
				GCC_OPTIMIZATION_LEVEL = 0;
				GCC_PREPROCESSOR_DEFINITIONS = (
					"DEBUG=1",
					"$(inherited)",
				);
				GCC_WARN_64_TO_32_BIT_CONVERSION = YES;
				GCC_WARN_ABOUT_RETURN_TYPE = YES_ERROR;
				GCC_WARN_UNDECLARED_SELECTOR = YES;
				GCC_WARN_UNINITIALIZED_AUTOS = YES_AGGRESSIVE;
				GCC_WARN_UNUSED_FUNCTION = YES;
				GCC_WARN_UNUSED_VARIABLE = YES;
				IPHONEOS_DEPLOYMENT_TARGET = 10.3;
				MTL_ENABLE_DEBUG_INFO = YES;
				ONLY_ACTIVE_ARCH = YES;
				SDKROOT = iphoneos;
				SWIFT_ACTIVE_COMPILATION_CONDITIONS = DEBUG;
				SWIFT_OPTIMIZATION_LEVEL = "-Onone";
			};
			name = Debug;
		};
		8B780FE31E9CA3520012949D /* Release */ = {
			isa = XCBuildConfiguration;
			buildSettings = {
				ALWAYS_SEARCH_USER_PATHS = NO;
				CLANG_ANALYZER_NONNULL = YES;
				CLANG_ANALYZER_NUMBER_OBJECT_CONVERSION = YES_AGGRESSIVE;
				CLANG_CXX_LANGUAGE_STANDARD = "gnu++0x";
				CLANG_CXX_LIBRARY = "libc++";
				CLANG_ENABLE_MODULES = YES;
				CLANG_ENABLE_OBJC_ARC = YES;
				CLANG_WARN_BOOL_CONVERSION = YES;
				CLANG_WARN_CONSTANT_CONVERSION = YES;
				CLANG_WARN_DIRECT_OBJC_ISA_USAGE = YES_ERROR;
				CLANG_WARN_DOCUMENTATION_COMMENTS = YES;
				CLANG_WARN_EMPTY_BODY = YES;
				CLANG_WARN_ENUM_CONVERSION = YES;
				CLANG_WARN_INFINITE_RECURSION = YES;
				CLANG_WARN_INT_CONVERSION = YES;
				CLANG_WARN_OBJC_ROOT_CLASS = YES_ERROR;
				CLANG_WARN_SUSPICIOUS_MOVE = YES;
				CLANG_WARN_UNREACHABLE_CODE = YES;
				CLANG_WARN__DUPLICATE_METHOD_MATCH = YES;
				"CODE_SIGN_IDENTITY[sdk=iphoneos*]" = "iPhone Developer";
				COPY_PHASE_STRIP = NO;
				DEBUG_INFORMATION_FORMAT = "dwarf-with-dsym";
				ENABLE_NS_ASSERTIONS = NO;
				ENABLE_STRICT_OBJC_MSGSEND = YES;
				GCC_C_LANGUAGE_STANDARD = gnu99;
				GCC_NO_COMMON_BLOCKS = YES;
				GCC_WARN_64_TO_32_BIT_CONVERSION = YES;
				GCC_WARN_ABOUT_RETURN_TYPE = YES_ERROR;
				GCC_WARN_UNDECLARED_SELECTOR = YES;
				GCC_WARN_UNINITIALIZED_AUTOS = YES_AGGRESSIVE;
				GCC_WARN_UNUSED_FUNCTION = YES;
				GCC_WARN_UNUSED_VARIABLE = YES;
				IPHONEOS_DEPLOYMENT_TARGET = 10.3;
				MTL_ENABLE_DEBUG_INFO = NO;
				SDKROOT = iphoneos;
				SWIFT_OPTIMIZATION_LEVEL = "-Owholemodule";
				VALIDATE_PRODUCT = YES;
			};
			name = Release;
		};
		8B780FE51E9CA3520012949D /* Debug */ = {
			isa = XCBuildConfiguration;
			buildSettings = {
				ASSETCATALOG_COMPILER_APPICON_NAME = AppIcon;
				DEVELOPMENT_TEAM = N87WFK5UUT;
				INFOPLIST_FILE = TransitionAnimated/Info.plist;
				LD_RUNPATH_SEARCH_PATHS = "$(inherited) @executable_path/Frameworks";
				PRODUCT_BUNDLE_IDENTIFIER = com.jsh178.TransitionAnimated;
				PRODUCT_NAME = "$(TARGET_NAME)";
				SWIFT_VERSION = 3.0;
			};
			name = Debug;
		};
		8B780FE61E9CA3520012949D /* Release */ = {
			isa = XCBuildConfiguration;
			buildSettings = {
				ASSETCATALOG_COMPILER_APPICON_NAME = AppIcon;
				DEVELOPMENT_TEAM = N87WFK5UUT;
				INFOPLIST_FILE = TransitionAnimated/Info.plist;
				LD_RUNPATH_SEARCH_PATHS = "$(inherited) @executable_path/Frameworks";
				PRODUCT_BUNDLE_IDENTIFIER = com.jsh178.TransitionAnimated;
				PRODUCT_NAME = "$(TARGET_NAME)";
				SWIFT_VERSION = 3.0;
			};
			name = Release;
		};
		8B780FE81E9CA3520012949D /* Debug */ = {
			isa = XCBuildConfiguration;
			buildSettings = {
				ALWAYS_EMBED_SWIFT_STANDARD_LIBRARIES = YES;
				BUNDLE_LOADER = "$(TEST_HOST)";
				DEVELOPMENT_TEAM = N87WFK5UUT;
				INFOPLIST_FILE = TransitionAnimatedTests/Info.plist;
				LD_RUNPATH_SEARCH_PATHS = "$(inherited) @executable_path/Frameworks @loader_path/Frameworks";
				PRODUCT_BUNDLE_IDENTIFIER = com.jsh178.TransitionAnimatedTests;
				PRODUCT_NAME = "$(TARGET_NAME)";
				SWIFT_VERSION = 3.0;
				TEST_HOST = "$(BUILT_PRODUCTS_DIR)/TransitionAnimated.app/TransitionAnimated";
			};
			name = Debug;
		};
		8B780FE91E9CA3520012949D /* Release */ = {
			isa = XCBuildConfiguration;
			buildSettings = {
				ALWAYS_EMBED_SWIFT_STANDARD_LIBRARIES = YES;
				BUNDLE_LOADER = "$(TEST_HOST)";
				DEVELOPMENT_TEAM = N87WFK5UUT;
				INFOPLIST_FILE = TransitionAnimatedTests/Info.plist;
				LD_RUNPATH_SEARCH_PATHS = "$(inherited) @executable_path/Frameworks @loader_path/Frameworks";
				PRODUCT_BUNDLE_IDENTIFIER = com.jsh178.TransitionAnimatedTests;
				PRODUCT_NAME = "$(TARGET_NAME)";
				SWIFT_VERSION = 3.0;
				TEST_HOST = "$(BUILT_PRODUCTS_DIR)/TransitionAnimated.app/TransitionAnimated";
			};
			name = Release;
		};
/* End XCBuildConfiguration section */

/* Begin XCConfigurationList section */
		8B780FC21E9CA3520012949D /* Build configuration list for PBXProject "TransitionAnimated" */ = {
			isa = XCConfigurationList;
			buildConfigurations = (
				8B780FE21E9CA3520012949D /* Debug */,
				8B780FE31E9CA3520012949D /* Release */,
			);
			defaultConfigurationIsVisible = 0;
			defaultConfigurationName = Release;
		};
		8B780FE41E9CA3520012949D /* Build configuration list for PBXNativeTarget "TransitionAnimated" */ = {
			isa = XCConfigurationList;
			buildConfigurations = (
				8B780FE51E9CA3520012949D /* Debug */,
				8B780FE61E9CA3520012949D /* Release */,
			);
			defaultConfigurationIsVisible = 0;
		};
		8B780FE71E9CA3520012949D /* Build configuration list for PBXNativeTarget "TransitionAnimatedTests" */ = {
			isa = XCConfigurationList;
			buildConfigurations = (
				8B780FE81E9CA3520012949D /* Debug */,
				8B780FE91E9CA3520012949D /* Release */,
			);
			defaultConfigurationIsVisible = 0;
		};
/* End XCConfigurationList section */
	};
	rootObject = 8B780FBF1E9CA3520012949D /* Project object */;
}
